
Microsoft Visual Studio Solution File, Format Version 12.00
# Visual Studio Version 17
VisualStudioVersion = 17.9.34728.123
MinimumVisualStudioVersion = 10.0.40219.1
Project("{9A19103F-16F7-4668-BE54-9A1E7A4F7556}") = "DataLayer", "DataLayer.csproj", "{6BCD6E8A-B26C-4924-AC4B-B2A009BD72DA}"
EndProject
Global
	GlobalSection(SolutionConfigurationPlatforms) = preSolution
		Debug|Any CPU = Debug|Any CPU
		Release|Any CPU = Release|Any CPU
	EndGlobalSection
	GlobalSection(ProjectConfigurationPlatforms) = postSolution
		{6BCD6E8A-B26C-4924-AC4B-B2A009BD72DA}.Debug|Any CPU.ActiveCfg = Debug|Any CPU
		{6BCD6E8A-B26C-4924-AC4B-B2A009BD72DA}.Debug|Any CPU.Build.0 = Debug|Any CPU
		{6BCD6E8A-B26C-4924-AC4B-B2A009BD72DA}.Release|Any CPU.ActiveCfg = Release|Any CPU
		{6BCD6E8A-B26C-4924-AC4B-B2A009BD72DA}.Release|Any CPU.Build.0 = Release|Any CPU
	EndGlobalSection
	GlobalSection(SolutionProperties) = preSolution
		HideSolutionNode = FALSE
	EndGlobalSection
	GlobalSection(ExtensibilityGlobals) = postSolution
		SolutionGuid = {2C8EB666-06CE-4F03-B8C6-C8698373CBDD}
	EndGlobalSection
EndGlobal
